
Microsoft Visual Studio Solution File, Format Version 12.00
# Visual Studio Version 17
VisualStudioVersion = 17.6.33706.43
MinimumVisualStudioVersion = 10.0.40219.1
Project("{9A19103F-16F7-4668-BE54-9A1E7A4F7556}") = "Exercise[01]", "Exercise[01]\Exercise[01].csproj", "{08D2DAC3-6AF1-4046-9B9F-40D8ED9078F7}"
EndProject
Project("{9A19103F-16F7-4668-BE54-9A1E7A4F7556}") = "Exercise[02]", "Exercise[02]\Exercise[02].csproj", "{7DE589D9-3AB3-44B4-AAB2-C249A5274830}"
EndProject
Project("{9A19103F-16F7-4668-BE54-9A1E7A4F7556}") = "Exercise[03]", "Exercise[03]\Exercise[03].csproj", "{B3F90168-5AB1-44CF-8086-44162C668915}"
EndProject
Project("{FAE04EC0-301F-11D3-BF4B-00C04F79EFBC}") = "Exercise[04]", "Exercise[04]\Exercise[04].csproj", "{E676FCBE-EC5F-44C3-B04F-33AE5656235F}"
EndProject
Project("{FAE04EC0-301F-11D3-BF4B-00C04F79EFBC}") = "Exercise[05]", "Exercise[05]\Exercise[05].csproj", "{4F4731FB-5B42-4D74-BADF-F0D06D603246}"
EndProject
Project("{FAE04EC0-301F-11D3-BF4B-00C04F79EFBC}") = "Exercise[06]", "Exercise[06]\Exercise[06].csproj", "{ABF8C6AD-5393-4AAD-94FC-FDCE7058ECE8}"
EndProject
Global
	GlobalSection(SolutionConfigurationPlatforms) = preSolution
		Debug|Any CPU = Debug|Any CPU
		Release|Any CPU = Release|Any CPU
	EndGlobalSection
	GlobalSection(ProjectConfigurationPlatforms) = postSolution
		{08D2DAC3-6AF1-4046-9B9F-40D8ED9078F7}.Debug|Any CPU.ActiveCfg = Debug|Any CPU
		{08D2DAC3-6AF1-4046-9B9F-40D8ED9078F7}.Debug|Any CPU.Build.0 = Debug|Any CPU
		{08D2DAC3-6AF1-4046-9B9F-40D8ED9078F7}.Release|Any CPU.ActiveCfg = Release|Any CPU
		{08D2DAC3-6AF1-4046-9B9F-40D8ED9078F7}.Release|Any CPU.Build.0 = Release|Any CPU
		{7DE589D9-3AB3-44B4-AAB2-C249A5274830}.Debug|Any CPU.ActiveCfg = Debug|Any CPU
		{7DE589D9-3AB3-44B4-AAB2-C249A5274830}.Debug|Any CPU.Build.0 = Debug|Any CPU
		{7DE589D9-3AB3-44B4-AAB2-C249A5274830}.Release|Any CPU.ActiveCfg = Release|Any CPU
		{7DE589D9-3AB3-44B4-AAB2-C249A5274830}.Release|Any CPU.Build.0 = Release|Any CPU
		{B3F90168-5AB1-44CF-8086-44162C668915}.Debug|Any CPU.ActiveCfg = Debug|Any CPU
		{B3F90168-5AB1-44CF-8086-44162C668915}.Debug|Any CPU.Build.0 = Debug|Any CPU
		{B3F90168-5AB1-44CF-8086-44162C668915}.Release|Any CPU.ActiveCfg = Release|Any CPU
		{B3F90168-5AB1-44CF-8086-44162C668915}.Release|Any CPU.Build.0 = Release|Any CPU
		{E676FCBE-EC5F-44C3-B04F-33AE5656235F}.Debug|Any CPU.ActiveCfg = Debug|Any CPU
		{E676FCBE-EC5F-44C3-B04F-33AE5656235F}.Debug|Any CPU.Build.0 = Debug|Any CPU
		{E676FCBE-EC5F-44C3-B04F-33AE5656235F}.Release|Any CPU.ActiveCfg = Release|Any CPU
		{E676FCBE-EC5F-44C3-B04F-33AE5656235F}.Release|Any CPU.Build.0 = Release|Any CPU
		{4F4731FB-5B42-4D74-BADF-F0D06D603246}.Debug|Any CPU.ActiveCfg = Debug|Any CPU
		{4F4731FB-5B42-4D74-BADF-F0D06D603246}.Debug|Any CPU.Build.0 = Debug|Any CPU
		{4F4731FB-5B42-4D74-BADF-F0D06D603246}.Release|Any CPU.ActiveCfg = Release|Any CPU
		{4F4731FB-5B42-4D74-BADF-F0D06D603246}.Release|Any CPU.Build.0 = Release|Any CPU
		{ABF8C6AD-5393-4AAD-94FC-FDCE7058ECE8}.Debug|Any CPU.ActiveCfg = Debug|Any CPU
		{ABF8C6AD-5393-4AAD-94FC-FDCE7058ECE8}.Debug|Any CPU.Build.0 = Debug|Any CPU
		{ABF8C6AD-5393-4AAD-94FC-FDCE7058ECE8}.Release|Any CPU.ActiveCfg = Release|Any CPU
		{ABF8C6AD-5393-4AAD-94FC-FDCE7058ECE8}.Release|Any CPU.Build.0 = Release|Any CPU
	EndGlobalSection
	GlobalSection(SolutionProperties) = preSolution
		HideSolutionNode = FALSE
	EndGlobalSection
	GlobalSection(ExtensibilityGlobals) = postSolution
		SolutionGuid = {1C586D0E-68A8-4F72-B473-BAC2621F0364}
	EndGlobalSection
EndGlobal
